
Microsoft Visual Studio Solution File, Format Version 12.00
# Visual Studio 2012
Project("{FAE04EC0-301F-11D3-BF4B-00C04F79EFBC}") = "WPBackup", "WPBackup\WPBackup.csproj", "{14EAD993-FF85-4F17-933B-3D2291FDAA81}"
	ProjectSection(ProjectDependencies) = postProject
		{DC63D8D5-4477-4BFC-AAEA-8ED2E627EE1C} = {DC63D8D5-4477-4BFC-AAEA-8ED2E627EE1C}
	EndProjectSection
EndProject
Project("{FAE04EC0-301F-11D3-BF4B-00C04F79EFBC}") = "OpenNETCF.Desktop.Communication", "OpenNETCF.Desktop.Communication\OpenNETCF.Desktop.Communication.csproj", "{DC63D8D5-4477-4BFC-AAEA-8ED2E627EE1C}"
EndProject
Global
	GlobalSection(SolutionConfigurationPlatforms) = preSolution
		Debug|Any CPU = Debug|Any CPU
		Debug|Mixed Platforms = Debug|Mixed Platforms
		Debug|x86 = Debug|x86
		Release|Any CPU = Release|Any CPU
		Release|Mixed Platforms = Release|Mixed Platforms
		Release|x86 = Release|x86
	EndGlobalSection
	GlobalSection(ProjectConfigurationPlatforms) = postSolution
		{14EAD993-FF85-4F17-933B-3D2291FDAA81}.Debug|Any CPU.ActiveCfg = Debug|x86
		{14EAD993-FF85-4F17-933B-3D2291FDAA81}.Debug|Mixed Platforms.ActiveCfg = Debug|x86
		{14EAD993-FF85-4F17-933B-3D2291FDAA81}.Debug|Mixed Platforms.Build.0 = Debug|x86
		{14EAD993-FF85-4F17-933B-3D2291FDAA81}.Debug|x86.ActiveCfg = Debug|x86
		{14EAD993-FF85-4F17-933B-3D2291FDAA81}.Debug|x86.Build.0 = Debug|x86
		{14EAD993-FF85-4F17-933B-3D2291FDAA81}.Release|Any CPU.ActiveCfg = Release|x86
		{14EAD993-FF85-4F17-933B-3D2291FDAA81}.Release|Mixed Platforms.ActiveCfg = Release|x86
		{14EAD993-FF85-4F17-933B-3D2291FDAA81}.Release|Mixed Platforms.Build.0 = Release|x86
		{14EAD993-FF85-4F17-933B-3D2291FDAA81}.Release|x86.ActiveCfg = Release|x86
		{14EAD993-FF85-4F17-933B-3D2291FDAA81}.Release|x86.Build.0 = Release|x86
		{DC63D8D5-4477-4BFC-AAEA-8ED2E627EE1C}.Debug|Any CPU.ActiveCfg = Debug|Any CPU
		{DC63D8D5-4477-4BFC-AAEA-8ED2E627EE1C}.Debug|Any CPU.Build.0 = Debug|Any CPU
		{DC63D8D5-4477-4BFC-AAEA-8ED2E627EE1C}.Debug|Mixed Platforms.ActiveCfg = Release|x86
		{DC63D8D5-4477-4BFC-AAEA-8ED2E627EE1C}.Debug|Mixed Platforms.Build.0 = Release|x86
		{DC63D8D5-4477-4BFC-AAEA-8ED2E627EE1C}.Debug|x86.ActiveCfg = Debug|Any CPU
		{DC63D8D5-4477-4BFC-AAEA-8ED2E627EE1C}.Release|Any CPU.ActiveCfg = Release|Any CPU
		{DC63D8D5-4477-4BFC-AAEA-8ED2E627EE1C}.Release|Any CPU.Build.0 = Release|Any CPU
		{DC63D8D5-4477-4BFC-AAEA-8ED2E627EE1C}.Release|Mixed Platforms.ActiveCfg = Release|x86
		{DC63D8D5-4477-4BFC-AAEA-8ED2E627EE1C}.Release|Mixed Platforms.Build.0 = Release|x86
		{DC63D8D5-4477-4BFC-AAEA-8ED2E627EE1C}.Release|x86.ActiveCfg = Release|Any CPU
	EndGlobalSection
	GlobalSection(SolutionProperties) = preSolution
		HideSolutionNode = FALSE
	EndGlobalSection
EndGlobal
